{
  "requires": true,
  "lockfileVersion": 1,
  "dependencies": {
    "red-buff-js": {
      "version": "1.0.0",
      "resolved": "https://registry.npmjs.org/red-buff-js/-/red-buff-js-1.0.0.tgz",
      "integrity": "sha512-tdgx9moc8U7Obx+5f6DF+69tzpso74KncN8nSHsMq318i+f1dJHUpyKWvccWNsi3IaulGlP9RwV0IreRtaM7nQ==",
      "requires": {
        "typeof": "^1.0.0"
      }
    },
    "typeof": {
      "version": "1.0.0",
      "resolved": "https://registry.npmjs.org/typeof/-/typeof-1.0.0.tgz",
      "integrity": "sha1-nIRAPyMjrlOZFnJ1SXY46h0vJEA="
    }
  }
}
